// !$*UTF8*$!
{
	archiveVersion = 1;
	classes = {
	};
	objectVersion = 50;
	objects = {

/* Begin PBXBuildFile section */
		BB330BD424A936F30049F1C3 /* AppDelegate.swift in Sources */ = {isa = PBXBuildFile; fileRef = BB330BD324A936F30049F1C3 /* AppDelegate.swift */; };
		BB330BD624A936F30049F1C3 /* SceneDelegate.swift in Sources */ = {isa = PBXBuildFile; fileRef = BB330BD524A936F30049F1C3 /* SceneDelegate.swift */; };
		BB330BD824A936F30049F1C3 /* ViewController.swift in Sources */ = {isa = PBXBuildFile; fileRef = BB330BD724A936F30049F1C3 /* ViewController.swift */; };
		BB330BDB24A936F30049F1C3 /* Main.storyboard in Resources */ = {isa = PBXBuildFile; fileRef = BB330BD924A936F30049F1C3 /* Main.storyboard */; };
		BB330BDD24A936F40049F1C3 /* Assets.xcassets in Resources */ = {isa = PBXBuildFile; fileRef = BB330BDC24A936F40049F1C3 /* Assets.xcassets */; };
		BB330BE024A936F40049F1C3 /* LaunchScreen.storyboard in Resources */ = {isa = PBXBuildFile; fileRef = BB330BDE24A936F40049F1C3 /* LaunchScreen.storyboard */; };
/* End PBXBuildFile section */

/* Begin PBXFileReference section */
		BB330BD024A936F30049F1C3 /* iOS-CW-5-P2.app */ = {isa = PBXFileReference; explicitFileType = wrapper.application; includeInIndex = 0; path = "iOS-CW-5-P2.app"; sourceTree = BUILT_PRODUCTS_DIR; };
		BB330BD324A936F30049F1C3 /* AppDelegate.swift */ = {isa = PBXFileReference; lastKnownFileType = sourcecode.swift; path = AppDelegate.swift; sourceTree = "<group>"; };
		BB330BD524A936F30049F1C3 /* SceneDelegate.swift */ = {isa = PBXFileReference; lastKnownFileType = sourcecode.swift; path = SceneDelegate.swift; sourceTree = "<group>"; };
		BB330BD724A936F30049F1C3 /* ViewController.swift */ = {isa = PBXFileReference; lastKnownFileType = sourcecode.swift; path = ViewController.swift; sourceTree = "<group>"; };
		BB330BDA24A936F30049F1C3 /* Base */ = {isa = PBXFileReference; lastKnownFileType = file.storyboard; name = Base; path = Base.lproj/Main.storyboard; sourceTree = "<group>"; };
		BB330BDC24A936F40049F1C3 /* Assets.xcassets */ = {isa = PBXFileReference; lastKnownFileType = folder.assetcatalog; path = Assets.xcassets; sourceTree = "<group>"; };
		BB330BDF24A936F40049F1C3 /* Base */ = {isa = PBXFileReference; lastKnownFileType = file.storyboard; name = Base; path = Base.lproj/LaunchScreen.storyboard; sourceTree = "<group>"; };
		BB330BE124A936F40049F1C3 /* Info.plist */ = {isa = PBXFileReference; lastKnownFileType = text.plist.xml; path = Info.plist; sourceTree = "<group>"; };
/* End PBXFileReference section */

/* Begin PBXFrameworksBuildPhase section */
		BB330BCD24A936F30049F1C3 /* Frameworks */ = {
			isa = PBXFrameworksBuildPhase;
			buildActionMask = 2147483647;
			files = (
			);
			runOnlyForDeploymentPostprocessing = 0;
		};
/* End PBXFrameworksBuildPhase section */

/* Begin PBXGroup section */
		BB330BC724A936F30049F1C3 = {
			isa = PBXGroup;
			children = (
				BB330BD224A936F30049F1C3 /* iOS-CW-5-P2 */,
				BB330BD124A936F30049F1C3 /* Products */,
			);
			sourceTree = "<group>";
		};
		BB330BD124A936F30049F1C3 /* Products */ = {
			isa = PBXGroup;
			children = (
				BB330BD024A936F30049F1C3 /* iOS-CW-5-P2.app */,
			);
			name = Products;
			sourceTree = "<group>";
		};
		BB330BD224A936F30049F1C3 /* iOS-CW-5-P2 */ = {
			isa = PBXGroup;
			children = (
				BB330BD324A936F30049F1C3 /* AppDelegate.swift */,
				BB330BD524A936F30049F1C3 /* SceneDelegate.swift */,
				BB330BD724A936F30049F1C3 /* ViewController.swift */,
				BB330BD924A936F30049F1C3 /* Main.storyboard */,
				BB330BDC24A936F40049F1C3 /* Assets.xcassets */,
				BB330BDE24A936F40049F1C3 /* LaunchScreen.storyboard */,
				BB330BE124A936F40049F1C3 /* Info.plist */,
			);
			path = "iOS-CW-5-P2";
			sourceTree = "<group>";
		};
/* End PBXGroup section */

/* Begin PBXNativeTarget section */
		BB330BCF24A936F30049F1C3 /* iOS-CW-5-P2 */ = {
			isa = PBXNativeTarget;
			buildConfigurationList = BB330BE424A936F40049F1C3 /* Build configuration list for PBXNativeTarget "iOS-CW-5-P2" */;
			buildPhases = (
				BB330BCC24A936F30049F1C3 /* Sources */,
				BB330BCD24A936F30049F1C3 /* Frameworks */,
				BB330BCE24A936F30049F1C3 /* Resources */,
			);
			buildRules = (
			);
			dependencies = (
			);
			name = "iOS-CW-5-P2";
			productName = "iOS-CW-5-P2";
			productReference = BB330BD024A936F30049F1C3 /* iOS-CW-5-P2.app */;
			productType = "com.apple.product-type.application";
		};
/* End PBXNativeTarget section */

/* Begin PBXProject section */
		BB330BC824A936F30049F1C3 /* Project object */ = {
			isa = PBXProject;
			attributes = {
				LastSwiftUpdateCheck = 1150;
				LastUpgradeCheck = 1150;
				ORGANIZATIONNAME = "Awrad Awrad";
				TargetAttributes = {
					BB330BCF24A936F30049F1C3 = {
						CreatedOnToolsVersion = 11.5;
					};
				};
			};
			buildConfigurationList = BB330BCB24A936F30049F1C3 /* Build configuration list for PBXProject "iOS-CW-5-P2" */;
			compatibilityVersion = "Xcode 9.3";
			developmentRegion = en;
			hasScannedForEncodings = 0;
			knownRegions = (
				en,
				Base,
			);
			mainGroup = BB330BC724A936F30049F1C3;
			productRefGroup = BB330BD124A936F30049F1C3 /* Products */;
			projectDirPath = "";
			projectRoot = "";
			targets = (
				BB330BCF24A936F30049F1C3 /* iOS-CW-5-P2 */,
			);
		};
/* End PBXProject section */

/* Begin PBXResourcesBuildPhase section */
		BB330BCE24A936F30049F1C3 /* Resources */ = {
			isa = PBXResourcesBuildPhase;
			buildActionMask = 2147483647;
			files = (
				BB330BE024A936F40049F1C3 /* LaunchScreen.storyboard in Resources */,
				BB330BDD24A936F40049F1C3 /* Assets.xcassets in Resources */,
				BB330BDB24A936F30049F1C3 /* Main.storyboard in Resources */,
			);
			runOnlyForDeploymentPostprocessing = 0;
		};
/* End PBXResourcesBuildPhase section */

/* Begin PBXSourcesBuildPhase section */
		BB330BCC24A936F30049F1C3 /* Sources */ = {
			isa = PBXSourcesBuildPhase;
			buildActionMask = 2147483647;
			files = (
				BB330BD824A936F30049F1C3 /* ViewController.swift in Sources */,
				BB330BD424A936F30049F1C3 /* AppDelegate.swift in Sources */,
				BB330BD624A936F30049F1C3 /* SceneDelegate.swift in Sources */,
			);
			runOnlyForDeploymentPostprocessing = 0;
		};
/* End PBXSourcesBuildPhase section */

/* Begin PBXVariantGroup section */
		BB330BD924A936F30049F1C3 /* Main.storyboard */ = {
			isa = PBXVariantGroup;
			children = (
				BB330BDA24A936F30049F1C3 /* Base */,
			);
			name = Main.storyboard;
			sourceTree = "<group>";
		};
		BB330BDE24A936F40049F1C3 /* LaunchScreen.storyboard */ = {
			isa = PBXVariantGroup;
			children = (
				BB330BDF24A936F40049F1C3 /* Base */,
			);
			name = LaunchScreen.storyboard;
			sourceTree = "<group>";
		};
/* End PBXVariantGroup section */

/* Begin XCBuildConfiguration section */
		BB330BE224A936F40049F1C3 /* Debug */ = {
			isa = XCBuildConfiguration;
			buildSettings = {
				ALWAYS_SEARCH_USER_PATHS = NO;
				CLANG_ANALYZER_NONNULL = YES;
				CLANG_ANALYZER_NUMBER_OBJECT_CONVERSION = YES_AGGRESSIVE;
				CLANG_CXX_LANGUAGE_STANDARD = "gnu++14";
				CLANG_CXX_LIBRARY = "libc++";
				CLANG_ENABLE_MODULES = YES;
				CLANG_ENABLE_OBJC_ARC = YES;
				CLANG_ENABLE_OBJC_WEAK = YES;
				CLANG_WARN_BLOCK_CAPTURE_AUTORELEASING = YES;
				CLANG_WARN_BOOL_CONVERSION = YES;
				CLANG_WARN_COMMA = YES;
				CLANG_WARN_CONSTANT_CONVERSION = YES;
				CLANG_WARN_DEPRECATED_OBJC_IMPLEMENTATIONS = YES;
				CLANG_WARN_DIRECT_OBJC_ISA_USAGE = YES_ERROR;
				CLANG_WARN_DOCUMENTATION_COMMENTS = YES;
				CLANG_WARN_EMPTY_BODY = YES;
				CLANG_WARN_ENUM_CONVERSION = YES;
				CLANG_WARN_INFINITE_RECURSION = YES;
				CLANG_WARN_INT_CONVERSION = YES;
				CLANG_WARN_NON_LITERAL_NULL_CONVERSION = YES;
				CLANG_WARN_OBJC_IMPLICIT_RETAIN_SELF = YES;
				CLANG_WARN_OBJC_LITERAL_CONVERSION = YES;
				CLANG_WARN_OBJC_ROOT_CLASS = YES_ERROR;
				CLANG_WARN_RANGE_LOOP_ANALYSIS = YES;
				CLANG_WARN_STRICT_PROTOTYPES = YES;
				CLANG_WARN_SUSPICIOUS_MOVE = YES;
				CLANG_WARN_UNGUARDED_AVAILABILITY = YES_AGGRESSIVE;
				CLANG_WARN_UNREACHABLE_CODE = YES;
				CLANG_WARN__DUPLICATE_METHOD_MATCH = YES;
				COPY_PHASE_STRIP = NO;
				DEBUG_INFORMATION_FORMAT = dwarf;
				ENABLE_STRICT_OBJC_MSGSEND = YES;
				ENABLE_TESTABILITY = YES;
				GCC_C_LANGUAGE_STANDARD = gnu11;
				GCC_DYNAMIC_NO_PIC = NO;
				GCC_NO_COMMON_BLOCKS = YES;
				GCC_OPTIMIZATION_LEVEL = 0;
				GCC_PREPROCESSOR_DEFINITIONS = (
					"DEBUG=1",
					"$(inherited)",
				);
				GCC_WARN_64_TO_32_BIT_CONVERSION = YES;
				GCC_WARN_ABOUT_RETURN_TYPE = YES_ERROR;
				GCC_WARN_UNDECLARED_SELECTOR = YES;
				GCC_WARN_UNINITIALIZED_AUTOS = YES_AGGRESSIVE;
				GCC_WARN_UNUSED_FUNCTION = YES;
				GCC_WARN_UNUSED_VARIABLE = YES;
				IPHONEOS_DEPLOYMENT_TARGET = 13.5;
				MTL_ENABLE_DEBUG_INFO = INCLUDE_SOURCE;
				MTL_FAST_MATH = YES;
				ONLY_ACTIVE_ARCH = YES;
				SDKROOT = iphoneos;
				SWIFT_ACTIVE_COMPILATION_CONDITIONS = DEBUG;
				SWIFT_OPTIMIZATION_LEVEL = "-Onone";
			};
			name = Debug;
		};
		BB330BE324A936F40049F1C3 /* Release */ = {
			isa = XCBuildConfiguration;
			buildSettings = {
				ALWAYS_SEARCH_USER_PATHS = NO;
				CLANG_ANALYZER_NONNULL = YES;
				CLANG_ANALYZER_NUMBER_OBJECT_CONVERSION = YES_AGGRESSIVE;
				CLANG_CXX_LANGUAGE_STANDARD = "gnu++14";
				CLANG_CXX_LIBRARY = "libc++";
				CLANG_ENABLE_MODULES = YES;
				CLANG_ENABLE_OBJC_ARC = YES;
				CLANG_ENABLE_OBJC_WEAK = YES;
				CLANG_WARN_BLOCK_CAPTURE_AUTORELEASING = YES;
				CLANG_WARN_BOOL_CONVERSION = YES;
				CLANG_WARN_COMMA = YES;
				CLANG_WARN_CONSTANT_CONVERSION = YES;
				CLANG_WARN_DEPRECATED_OBJC_IMPLEMENTATIONS = YES;
				CLANG_WARN_DIRECT_OBJC_ISA_USAGE = YES_ERROR;
				CLANG_WARN_DOCUMENTATION_COMMENTS = YES;
				CLANG_WARN_EMPTY_BODY = YES;
				CLANG_WARN_ENUM_CONVERSION = YES;
				CLANG_WARN_INFINITE_RECURSION = YES;
				CLANG_WARN_INT_CONVERSION = YES;
				CLANG_WARN_NON_LITERAL_NULL_CONVERSION = YES;
				CLANG_WARN_OBJC_IMPLICIT_RETAIN_SELF = YES;
				CLANG_WARN_OBJC_LITERAL_CONVERSION = YES;
				CLANG_WARN_OBJC_ROOT_CLASS = YES_ERROR;
				CLANG_WARN_RANGE_LOOP_ANALYSIS = YES;
				CLANG_WARN_STRICT_PROTOTYPES = YES;
				CLANG_WARN_SUSPICIOUS_MOVE = YES;
				CLANG_WARN_UNGUARDED_AVAILABILITY = YES_AGGRESSIVE;
				CLANG_WARN_UNREACHABLE_CODE = YES;
				CLANG_WARN__DUPLICATE_METHOD_MATCH = YES;
				COPY_PHASE_STRIP = NO;
				DEBUG_INFORMATION_FORMAT = "dwarf-with-dsym";
				ENABLE_NS_ASSERTIONS = NO;
				ENABLE_STRICT_OBJC_MSGSEND = YES;
				GCC_C_LANGUAGE_STANDARD = gnu11;
				GCC_NO_COMMON_BLOCKS = YES;
				GCC_WARN_64_TO_32_BIT_CONVERSION = YES;
				GCC_WARN_ABOUT_RETURN_TYPE = YES_ERROR;
				GCC_WARN_UNDECLARED_SELECTOR = YES;
				GCC_WARN_UNINITIALIZED_AUTOS = YES_AGGRESSIVE;
				GCC_WARN_UNUSED_FUNCTION = YES;
				GCC_WARN_UNUSED_VARIABLE = YES;
				IPHONEOS_DEPLOYMENT_TARGET = 13.5;
				MTL_ENABLE_DEBUG_INFO = NO;
				MTL_FAST_MATH = YES;
				SDKROOT = iphoneos;
				SWIFT_COMPILATION_MODE = wholemodule;
				SWIFT_OPTIMIZATION_LEVEL = "-O";
				VALIDATE_PRODUCT = YES;
			};
			name = Release;
		};
		BB330BE524A936F40049F1C3 /* Debug */ = {
			isa = XCBuildConfiguration;
			buildSettings = {
				ASSETCATALOG_COMPILER_APPICON_NAME = AppIcon;
				CODE_SIGN_STYLE = Automatic;
				DEVELOPMENT_TEAM = KF78YBJ786;
				INFOPLIST_FILE = "iOS-CW-5-P2/Info.plist";
				LD_RUNPATH_SEARCH_PATHS = (
					"$(inherited)",
					"@executable_path/Frameworks",
				);
				PRODUCT_BUNDLE_IDENTIFIER = "com.code.iOS-CW-5-P2";
				PRODUCT_NAME = "$(TARGET_NAME)";
				SWIFT_VERSION = 5.0;
				TARGETED_DEVICE_FAMILY = 1;
			};
			name = Debug;
		};
		BB330BE624A936F40049F1C3 /* Release */ = {
			isa = XCBuildConfiguration;
			buildSettings = {
				ASSETCATALOG_COMPILER_APPICON_NAME = AppIcon;
				CODE_SIGN_STYLE = Automatic;
				DEVELOPMENT_TEAM = KF78YBJ786;
				INFOPLIST_FILE = "iOS-CW-5-P2/Info.plist";
				LD_RUNPATH_SEARCH_PATHS = (
					"$(inherited)",
					"@executable_path/Frameworks",
				);
				PRODUCT_BUNDLE_IDENTIFIER = "com.code.iOS-CW-5-P2";
				PRODUCT_NAME = "$(TARGET_NAME)";
				SWIFT_VERSION = 5.0;
				TARGETED_DEVICE_FAMILY = 1;
			};
			name = Release;
		};
/* End XCBuildConfiguration section */

/* Begin XCConfigurationList section */
		BB330BCB24A936F30049F1C3 /* Build configuration list for PBXProject "iOS-CW-5-P2" */ = {
			isa = XCConfigurationList;
			buildConfigurations = (
				BB330BE224A936F40049F1C3 /* Debug */,
				BB330BE324A936F40049F1C3 /* Release */,
			);
			defaultConfigurationIsVisible = 0;
			defaultConfigurationName = Release;
		};
		BB330BE424A936F40049F1C3 /* Build configuration list for PBXNativeTarget "iOS-CW-5-P2" */ = {
			isa = XCConfigurationList;
			buildConfigurations = (
				BB330BE524A936F40049F1C3 /* Debug */,
				BB330BE624A936F40049F1C3 /* Release */,
			);
			defaultConfigurationIsVisible = 0;
			defaultConfigurationName = Release;
		};
/* End XCConfigurationList section */
	};
	rootObject = BB330BC824A936F30049F1C3 /* Project object */;
}
